// !$*UTF8*$!
{
	archiveVersion = 1;
	classes = {
	};
	objectVersion = 56;
	objects = {

/* Begin PBXBuildFile section */
		BE068E792BFF27410014D9C4 /* AppDelegate.swift in Sources */ = {isa = PBXBuildFile; fileRef = BE068E782BFF27410014D9C4 /* AppDelegate.swift */; };
		BE068E7B2BFF27410014D9C4 /* SceneDelegate.swift in Sources */ = {isa = PBXBuildFile; fileRef = BE068E7A2BFF27410014D9C4 /* SceneDelegate.swift */; };
		BE068E802BFF27410014D9C4 /* Base in Resources */ = {isa = PBXBuildFile; fileRef = BE068E7F2BFF27410014D9C4 /* Base */; };
		BE068E822BFF27430014D9C4 /* Assets.xcassets in Resources */ = {isa = PBXBuildFile; fileRef = BE068E812BFF27430014D9C4 /* Assets.xcassets */; };
		BE068E852BFF27430014D9C4 /* Base in Resources */ = {isa = PBXBuildFile; fileRef = BE068E842BFF27430014D9C4 /* Base */; };
		BE2848B92C0018F500D5E817 /* UITableView+.swift in Sources */ = {isa = PBXBuildFile; fileRef = BE2848B82C0018F500D5E817 /* UITableView+.swift */; };
		BE2848C12C007F7B00D5E817 /* RecordCellState.swift in Sources */ = {isa = PBXBuildFile; fileRef = BE2848C02C007F7B00D5E817 /* RecordCellState.swift */; };
		BE2848C32C00A59A00D5E817 /* TodoModel.swift in Sources */ = {isa = PBXBuildFile; fileRef = BE2848C22C00A59A00D5E817 /* TodoModel.swift */; };
		BE2848C52C00A6DC00D5E817 /* UserDefaultsKey.swift in Sources */ = {isa = PBXBuildFile; fileRef = BE2848C42C00A6DC00D5E817 /* UserDefaultsKey.swift */; };
		BE2848C92C00A70300D5E817 /* ListKind.swift in Sources */ = {isa = PBXBuildFile; fileRef = BE2848C82C00A70300D5E817 /* ListKind.swift */; };
		BE2AFB132C4A307B00C6718C /* SettingViewController.swift in Sources */ = {isa = PBXBuildFile; fileRef = BE2AFB122C4A307B00C6718C /* SettingViewController.swift */; };
		BE2AFB162C4A5FC700C6718C /* SettingCollectionView.swift in Sources */ = {isa = PBXBuildFile; fileRef = BE2AFB152C4A5FC700C6718C /* SettingCollectionView.swift */; };
		BE9D17072BFF2C8D00F75525 /* RecordViewController.swift in Sources */ = {isa = PBXBuildFile; fileRef = BE9D17062BFF2C8D00F75525 /* RecordViewController.swift */; };
		BE9D17092BFF40BB00F75525 /* UserDefaultsWrapper.swift in Sources */ = {isa = PBXBuildFile; fileRef = BE9D17082BFF40BB00F75525 /* UserDefaultsWrapper.swift */; };
		BE9D170B2BFF410500F75525 /* RecordMessageError.swift in Sources */ = {isa = PBXBuildFile; fileRef = BE9D170A2BFF410500F75525 /* RecordMessageError.swift */; };
		BE9D170D2BFF412100F75525 /* ShoppingModel.swift in Sources */ = {isa = PBXBuildFile; fileRef = BE9D170C2BFF412100F75525 /* ShoppingModel.swift */; };
		BE9D170F2BFF413200F75525 /* RecordTableViewCell.swift in Sources */ = {isa = PBXBuildFile; fileRef = BE9D170E2BFF413200F75525 /* RecordTableViewCell.swift */; };
/* End PBXBuildFile section */

/* Begin PBXFileReference section */
		BE068E752BFF27410014D9C4 /* SeSac_0523_TableViewCase.app */ = {isa = PBXFileReference; explicitFileType = wrapper.application; includeInIndex = 0; path = SeSac_0523_TableViewCase.app; sourceTree = BUILT_PRODUCTS_DIR; };
		BE068E782BFF27410014D9C4 /* AppDelegate.swift */ = {isa = PBXFileReference; lastKnownFileType = sourcecode.swift; path = AppDelegate.swift; sourceTree = "<group>"; };
		BE068E7A2BFF27410014D9C4 /* SceneDelegate.swift */ = {isa = PBXFileReference; lastKnownFileType = sourcecode.swift; path = SceneDelegate.swift; sourceTree = "<group>"; };
		BE068E7F2BFF27410014D9C4 /* Base */ = {isa = PBXFileReference; lastKnownFileType = file.storyboard; name = Base; path = Base.lproj/Main.storyboard; sourceTree = "<group>"; };
		BE068E812BFF27430014D9C4 /* Assets.xcassets */ = {isa = PBXFileReference; lastKnownFileType = folder.assetcatalog; path = Assets.xcassets; sourceTree = "<group>"; };
		BE068E842BFF27430014D9C4 /* Base */ = {isa = PBXFileReference; lastKnownFileType = file.storyboard; name = Base; path = Base.lproj/LaunchScreen.storyboard; sourceTree = "<group>"; };
		BE068E862BFF27430014D9C4 /* Info.plist */ = {isa = PBXFileReference; lastKnownFileType = text.plist.xml; path = Info.plist; sourceTree = "<group>"; };
		BE2848B82C0018F500D5E817 /* UITableView+.swift */ = {isa = PBXFileReference; lastKnownFileType = sourcecode.swift; path = "UITableView+.swift"; sourceTree = "<group>"; };
		BE2848C02C007F7B00D5E817 /* RecordCellState.swift */ = {isa = PBXFileReference; lastKnownFileType = sourcecode.swift; path = RecordCellState.swift; sourceTree = "<group>"; };
		BE2848C22C00A59A00D5E817 /* TodoModel.swift */ = {isa = PBXFileReference; lastKnownFileType = sourcecode.swift; path = TodoModel.swift; sourceTree = "<group>"; };
		BE2848C42C00A6DC00D5E817 /* UserDefaultsKey.swift */ = {isa = PBXFileReference; lastKnownFileType = sourcecode.swift; path = UserDefaultsKey.swift; sourceTree = "<group>"; };
		BE2848C82C00A70300D5E817 /* ListKind.swift */ = {isa = PBXFileReference; lastKnownFileType = sourcecode.swift; path = ListKind.swift; sourceTree = "<group>"; };
		BE2AFB122C4A307B00C6718C /* SettingViewController.swift */ = {isa = PBXFileReference; lastKnownFileType = sourcecode.swift; path = SettingViewController.swift; sourceTree = "<group>"; };
		BE2AFB152C4A5FC700C6718C /* SettingCollectionView.swift */ = {isa = PBXFileReference; lastKnownFileType = sourcecode.swift; path = SettingCollectionView.swift; sourceTree = "<group>"; };
		BE9D17062BFF2C8D00F75525 /* RecordViewController.swift */ = {isa = PBXFileReference; lastKnownFileType = sourcecode.swift; path = RecordViewController.swift; sourceTree = "<group>"; };
		BE9D17082BFF40BB00F75525 /* UserDefaultsWrapper.swift */ = {isa = PBXFileReference; lastKnownFileType = sourcecode.swift; path = UserDefaultsWrapper.swift; sourceTree = "<group>"; };
		BE9D170A2BFF410500F75525 /* RecordMessageError.swift */ = {isa = PBXFileReference; lastKnownFileType = sourcecode.swift; path = RecordMessageError.swift; sourceTree = "<group>"; };
		BE9D170C2BFF412100F75525 /* ShoppingModel.swift */ = {isa = PBXFileReference; lastKnownFileType = sourcecode.swift; path = ShoppingModel.swift; sourceTree = "<group>"; };
		BE9D170E2BFF413200F75525 /* RecordTableViewCell.swift */ = {isa = PBXFileReference; lastKnownFileType = sourcecode.swift; path = RecordTableViewCell.swift; sourceTree = "<group>"; };
/* End PBXFileReference section */

/* Begin PBXFrameworksBuildPhase section */
		BE068E722BFF27410014D9C4 /* Frameworks */ = {
			isa = PBXFrameworksBuildPhase;
			buildActionMask = 2147483647;
			files = (
			);
			runOnlyForDeploymentPostprocessing = 0;
		};
/* End PBXFrameworksBuildPhase section */

/* Begin PBXGroup section */
		BE068E6C2BFF27410014D9C4 = {
			isa = PBXGroup;
			children = (
				BE068E772BFF27410014D9C4 /* SeSac_0523_TableViewCase */,
				BE068E762BFF27410014D9C4 /* Products */,
			);
			sourceTree = "<group>";
		};
		BE068E762BFF27410014D9C4 /* Products */ = {
			isa = PBXGroup;
			children = (
				BE068E752BFF27410014D9C4 /* SeSac_0523_TableViewCase.app */,
			);
			name = Products;
			sourceTree = "<group>";
		};
		BE068E772BFF27410014D9C4 /* SeSac_0523_TableViewCase */ = {
			isa = PBXGroup;
			children = (
				BE068E782BFF27410014D9C4 /* AppDelegate.swift */,
				BE068E7A2BFF27410014D9C4 /* SceneDelegate.swift */,
				BE9D17102BFF414B00F75525 /* View */,
				BE9D17112BFF415200F75525 /* Model */,
				BE9D17122BFF415700F75525 /* Utility */,
				BE068E7E2BFF27410014D9C4 /* Main.storyboard */,
				BE068E812BFF27430014D9C4 /* Assets.xcassets */,
				BE068E832BFF27430014D9C4 /* LaunchScreen.storyboard */,
				BE068E862BFF27430014D9C4 /* Info.plist */,
			);
			path = SeSac_0523_TableViewCase;
			sourceTree = "<group>";
		};
		BE2AFB142C4A5FB900C6718C /* Setting */ = {
			isa = PBXGroup;
			children = (
				BE2AFB122C4A307B00C6718C /* SettingViewController.swift */,
				BE2AFB152C4A5FC700C6718C /* SettingCollectionView.swift */,
			);
			path = Setting;
			sourceTree = "<group>";
		};
		BE9D17102BFF414B00F75525 /* View */ = {
			isa = PBXGroup;
			children = (
				BE9D17062BFF2C8D00F75525 /* RecordViewController.swift */,
				BE9D170E2BFF413200F75525 /* RecordTableViewCell.swift */,
				BE2AFB142C4A5FB900C6718C /* Setting */,
			);
			path = View;
			sourceTree = "<group>";
		};
		BE9D17112BFF415200F75525 /* Model */ = {
			isa = PBXGroup;
			children = (
				BE2848C02C007F7B00D5E817 /* RecordCellState.swift */,
				BE9D170A2BFF410500F75525 /* RecordMessageError.swift */,
				BE2848C22C00A59A00D5E817 /* TodoModel.swift */,
				BE9D170C2BFF412100F75525 /* ShoppingModel.swift */,
				BE2848C82C00A70300D5E817 /* ListKind.swift */,
			);
			path = Model;
			sourceTree = "<group>";
		};
		BE9D17122BFF415700F75525 /* Utility */ = {
			isa = PBXGroup;
			children = (
				BE9D17082BFF40BB00F75525 /* UserDefaultsWrapper.swift */,
				BE2848C42C00A6DC00D5E817 /* UserDefaultsKey.swift */,
				BE2848B82C0018F500D5E817 /* UITableView+.swift */,
			);
			path = Utility;
			sourceTree = "<group>";
		};
/* End PBXGroup section */

/* Begin PBXNativeTarget section */
		BE068E742BFF27410014D9C4 /* SeSac_0523_TableViewCase */ = {
			isa = PBXNativeTarget;
			buildConfigurationList = BE068E892BFF27430014D9C4 /* Build configuration list for PBXNativeTarget "SeSac_0523_TableViewCase" */;
			buildPhases = (
				BE068E712BFF27410014D9C4 /* Sources */,
				BE068E722BFF27410014D9C4 /* Frameworks */,
				BE068E732BFF27410014D9C4 /* Resources */,
			);
			buildRules = (
			);
			dependencies = (
			);
			name = SeSac_0523_TableViewCase;
			productName = SeSac_0523_TableViewCase;
			productReference = BE068E752BFF27410014D9C4 /* SeSac_0523_TableViewCase.app */;
			productType = "com.apple.product-type.application";
		};
/* End PBXNativeTarget section */

/* Begin PBXProject section */
		BE068E6D2BFF27410014D9C4 /* Project object */ = {
			isa = PBXProject;
			attributes = {
				BuildIndependentTargetsInParallel = 1;
				LastSwiftUpdateCheck = 1540;
				LastUpgradeCheck = 1540;
				TargetAttributes = {
					BE068E742BFF27410014D9C4 = {
						CreatedOnToolsVersion = 15.4;
					};
				};
			};
			buildConfigurationList = BE068E702BFF27410014D9C4 /* Build configuration list for PBXProject "SeSac_0523_TableViewCase" */;
			compatibilityVersion = "Xcode 14.0";
			developmentRegion = en;
			hasScannedForEncodings = 0;
			knownRegions = (
				en,
				Base,
			);
			mainGroup = BE068E6C2BFF27410014D9C4;
			productRefGroup = BE068E762BFF27410014D9C4 /* Products */;
			projectDirPath = "";
			projectRoot = "";
			targets = (
				BE068E742BFF27410014D9C4 /* SeSac_0523_TableViewCase */,
			);
		};
/* End PBXProject section */

/* Begin PBXResourcesBuildPhase section */
		BE068E732BFF27410014D9C4 /* Resources */ = {
			isa = PBXResourcesBuildPhase;
			buildActionMask = 2147483647;
			files = (
				BE068E822BFF27430014D9C4 /* Assets.xcassets in Resources */,
				BE068E852BFF27430014D9C4 /* Base in Resources */,
				BE068E802BFF27410014D9C4 /* Base in Resources */,
			);
			runOnlyForDeploymentPostprocessing = 0;
		};
/* End PBXResourcesBuildPhase section */

/* Begin PBXSourcesBuildPhase section */
		BE068E712BFF27410014D9C4 /* Sources */ = {
			isa = PBXSourcesBuildPhase;
			buildActionMask = 2147483647;
			files = (
				BE9D170D2BFF412100F75525 /* ShoppingModel.swift in Sources */,
				BE9D170F2BFF413200F75525 /* RecordTableViewCell.swift in Sources */,
				BE2848C92C00A70300D5E817 /* ListKind.swift in Sources */,
				BE2AFB132C4A307B00C6718C /* SettingViewController.swift in Sources */,
				BE9D170B2BFF410500F75525 /* RecordMessageError.swift in Sources */,
				BE9D17092BFF40BB00F75525 /* UserDefaultsWrapper.swift in Sources */,
				BE068E792BFF27410014D9C4 /* AppDelegate.swift in Sources */,
				BE2848B92C0018F500D5E817 /* UITableView+.swift in Sources */,
				BE2848C12C007F7B00D5E817 /* RecordCellState.swift in Sources */,
				BE9D17072BFF2C8D00F75525 /* RecordViewController.swift in Sources */,
				BE068E7B2BFF27410014D9C4 /* SceneDelegate.swift in Sources */,
				BE2848C32C00A59A00D5E817 /* TodoModel.swift in Sources */,
				BE2848C52C00A6DC00D5E817 /* UserDefaultsKey.swift in Sources */,
				BE2AFB162C4A5FC700C6718C /* SettingCollectionView.swift in Sources */,
			);
			runOnlyForDeploymentPostprocessing = 0;
		};
/* End PBXSourcesBuildPhase section */

/* Begin PBXVariantGroup section */
		BE068E7E2BFF27410014D9C4 /* Main.storyboard */ = {
			isa = PBXVariantGroup;
			children = (
				BE068E7F2BFF27410014D9C4 /* Base */,
			);
			name = Main.storyboard;
			sourceTree = "<group>";
		};
		BE068E832BFF27430014D9C4 /* LaunchScreen.storyboard */ = {
			isa = PBXVariantGroup;
			children = (
				BE068E842BFF27430014D9C4 /* Base */,
			);
			name = LaunchScreen.storyboard;
			sourceTree = "<group>";
		};
/* End PBXVariantGroup section */

/* Begin XCBuildConfiguration section */
		BE068E872BFF27430014D9C4 /* Debug */ = {
			isa = XCBuildConfiguration;
			buildSettings = {
				ALWAYS_SEARCH_USER_PATHS = NO;
				ASSETCATALOG_COMPILER_GENERATE_SWIFT_ASSET_SYMBOL_EXTENSIONS = YES;
				CLANG_ANALYZER_NONNULL = YES;
				CLANG_ANALYZER_NUMBER_OBJECT_CONVERSION = YES_AGGRESSIVE;
				CLANG_CXX_LANGUAGE_STANDARD = "gnu++20";
				CLANG_ENABLE_MODULES = YES;
				CLANG_ENABLE_OBJC_ARC = YES;
				CLANG_ENABLE_OBJC_WEAK = YES;
				CLANG_WARN_BLOCK_CAPTURE_AUTORELEASING = YES;
				CLANG_WARN_BOOL_CONVERSION = YES;
				CLANG_WARN_COMMA = YES;
				CLANG_WARN_CONSTANT_CONVERSION = YES;
				CLANG_WARN_DEPRECATED_OBJC_IMPLEMENTATIONS = YES;
				CLANG_WARN_DIRECT_OBJC_ISA_USAGE = YES_ERROR;
				CLANG_WARN_DOCUMENTATION_COMMENTS = YES;
				CLANG_WARN_EMPTY_BODY = YES;
				CLANG_WARN_ENUM_CONVERSION = YES;
				CLANG_WARN_INFINITE_RECURSION = YES;
				CLANG_WARN_INT_CONVERSION = YES;
				CLANG_WARN_NON_LITERAL_NULL_CONVERSION = YES;
				CLANG_WARN_OBJC_IMPLICIT_RETAIN_SELF = YES;
				CLANG_WARN_OBJC_LITERAL_CONVERSION = YES;
				CLANG_WARN_OBJC_ROOT_CLASS = YES_ERROR;
				CLANG_WARN_QUOTED_INCLUDE_IN_FRAMEWORK_HEADER = YES;
				CLANG_WARN_RANGE_LOOP_ANALYSIS = YES;
				CLANG_WARN_STRICT_PROTOTYPES = YES;
				CLANG_WARN_SUSPICIOUS_MOVE = YES;
				CLANG_WARN_UNGUARDED_AVAILABILITY = YES_AGGRESSIVE;
				CLANG_WARN_UNREACHABLE_CODE = YES;
				CLANG_WARN__DUPLICATE_METHOD_MATCH = YES;
				COPY_PHASE_STRIP = NO;
				DEBUG_INFORMATION_FORMAT = dwarf;
				ENABLE_STRICT_OBJC_MSGSEND = YES;
				ENABLE_TESTABILITY = YES;
				ENABLE_USER_SCRIPT_SANDBOXING = YES;
				GCC_C_LANGUAGE_STANDARD = gnu17;
				GCC_DYNAMIC_NO_PIC = NO;
				GCC_NO_COMMON_BLOCKS = YES;
				GCC_OPTIMIZATION_LEVEL = 0;
				GCC_PREPROCESSOR_DEFINITIONS = (
					"DEBUG=1",
					"$(inherited)",
				);
				GCC_WARN_64_TO_32_BIT_CONVERSION = YES;
				GCC_WARN_ABOUT_RETURN_TYPE = YES_ERROR;
				GCC_WARN_UNDECLARED_SELECTOR = YES;
				GCC_WARN_UNINITIALIZED_AUTOS = YES_AGGRESSIVE;
				GCC_WARN_UNUSED_FUNCTION = YES;
				GCC_WARN_UNUSED_VARIABLE = YES;
				IPHONEOS_DEPLOYMENT_TARGET = 17.5;
				LOCALIZATION_PREFERS_STRING_CATALOGS = YES;
				MTL_ENABLE_DEBUG_INFO = INCLUDE_SOURCE;
				MTL_FAST_MATH = YES;
				ONLY_ACTIVE_ARCH = YES;
				SDKROOT = iphoneos;
				SWIFT_ACTIVE_COMPILATION_CONDITIONS = "DEBUG $(inherited)";
				SWIFT_OPTIMIZATION_LEVEL = "-Onone";
			};
			name = Debug;
		};
		BE068E882BFF27430014D9C4 /* Release */ = {
			isa = XCBuildConfiguration;
			buildSettings = {
				ALWAYS_SEARCH_USER_PATHS = NO;
				ASSETCATALOG_COMPILER_GENERATE_SWIFT_ASSET_SYMBOL_EXTENSIONS = YES;
				CLANG_ANALYZER_NONNULL = YES;
				CLANG_ANALYZER_NUMBER_OBJECT_CONVERSION = YES_AGGRESSIVE;
				CLANG_CXX_LANGUAGE_STANDARD = "gnu++20";
				CLANG_ENABLE_MODULES = YES;
				CLANG_ENABLE_OBJC_ARC = YES;
				CLANG_ENABLE_OBJC_WEAK = YES;
				CLANG_WARN_BLOCK_CAPTURE_AUTORELEASING = YES;
				CLANG_WARN_BOOL_CONVERSION = YES;
				CLANG_WARN_COMMA = YES;
				CLANG_WARN_CONSTANT_CONVERSION = YES;
				CLANG_WARN_DEPRECATED_OBJC_IMPLEMENTATIONS = YES;
				CLANG_WARN_DIRECT_OBJC_ISA_USAGE = YES_ERROR;
				CLANG_WARN_DOCUMENTATION_COMMENTS = YES;
				CLANG_WARN_EMPTY_BODY = YES;
				CLANG_WARN_ENUM_CONVERSION = YES;
				CLANG_WARN_INFINITE_RECURSION = YES;
				CLANG_WARN_INT_CONVERSION = YES;
				CLANG_WARN_NON_LITERAL_NULL_CONVERSION = YES;
				CLANG_WARN_OBJC_IMPLICIT_RETAIN_SELF = YES;
				CLANG_WARN_OBJC_LITERAL_CONVERSION = YES;
				CLANG_WARN_OBJC_ROOT_CLASS = YES_ERROR;
				CLANG_WARN_QUOTED_INCLUDE_IN_FRAMEWORK_HEADER = YES;
				CLANG_WARN_RANGE_LOOP_ANALYSIS = YES;
				CLANG_WARN_STRICT_PROTOTYPES = YES;
				CLANG_WARN_SUSPICIOUS_MOVE = YES;
				CLANG_WARN_UNGUARDED_AVAILABILITY = YES_AGGRESSIVE;
				CLANG_WARN_UNREACHABLE_CODE = YES;
				CLANG_WARN__DUPLICATE_METHOD_MATCH = YES;
				COPY_PHASE_STRIP = NO;
				DEBUG_INFORMATION_FORMAT = "dwarf-with-dsym";
				ENABLE_NS_ASSERTIONS = NO;
				ENABLE_STRICT_OBJC_MSGSEND = YES;
				ENABLE_USER_SCRIPT_SANDBOXING = YES;
				GCC_C_LANGUAGE_STANDARD = gnu17;
				GCC_NO_COMMON_BLOCKS = YES;
				GCC_WARN_64_TO_32_BIT_CONVERSION = YES;
				GCC_WARN_ABOUT_RETURN_TYPE = YES_ERROR;
				GCC_WARN_UNDECLARED_SELECTOR = YES;
				GCC_WARN_UNINITIALIZED_AUTOS = YES_AGGRESSIVE;
				GCC_WARN_UNUSED_FUNCTION = YES;
				GCC_WARN_UNUSED_VARIABLE = YES;
				IPHONEOS_DEPLOYMENT_TARGET = 17.5;
				LOCALIZATION_PREFERS_STRING_CATALOGS = YES;
				MTL_ENABLE_DEBUG_INFO = NO;
				MTL_FAST_MATH = YES;
				SDKROOT = iphoneos;
				SWIFT_COMPILATION_MODE = wholemodule;
				VALIDATE_PRODUCT = YES;
			};
			name = Release;
		};
		BE068E8A2BFF27430014D9C4 /* Debug */ = {
			isa = XCBuildConfiguration;
			buildSettings = {
				ASSETCATALOG_COMPILER_APPICON_NAME = AppIcon;
				ASSETCATALOG_COMPILER_GLOBAL_ACCENT_COLOR_NAME = AccentColor;
				CODE_SIGN_STYLE = Automatic;
				CURRENT_PROJECT_VERSION = 1;
				DEVELOPMENT_TEAM = ASU4PNB5MG;
				GENERATE_INFOPLIST_FILE = YES;
				INFOPLIST_FILE = SeSac_0523_TableViewCase/Info.plist;
				INFOPLIST_KEY_UIApplicationSupportsIndirectInputEvents = YES;
				INFOPLIST_KEY_UILaunchStoryboardName = LaunchScreen;
				INFOPLIST_KEY_UIMainStoryboardFile = Main;
				INFOPLIST_KEY_UISupportedInterfaceOrientations_iPad = "UIInterfaceOrientationPortrait UIInterfaceOrientationPortraitUpsideDown UIInterfaceOrientationLandscapeLeft UIInterfaceOrientationLandscapeRight";
				INFOPLIST_KEY_UISupportedInterfaceOrientations_iPhone = "UIInterfaceOrientationPortrait UIInterfaceOrientationLandscapeLeft UIInterfaceOrientationLandscapeRight";
				LD_RUNPATH_SEARCH_PATHS = (
					"$(inherited)",
					"@executable_path/Frameworks",
				);
				MARKETING_VERSION = 1.0;
				PRODUCT_BUNDLE_IDENTIFIER = "com.geonseobkim.SeSac-0523-TableViewCase";
				PRODUCT_NAME = "$(TARGET_NAME)";
				SWIFT_EMIT_LOC_STRINGS = YES;
				SWIFT_VERSION = 5.0;
				TARGETED_DEVICE_FAMILY = "1,2";
			};
			name = Debug;
		};
		BE068E8B2BFF27430014D9C4 /* Release */ = {
			isa = XCBuildConfiguration;
			buildSettings = {
				ASSETCATALOG_COMPILER_APPICON_NAME = AppIcon;
				ASSETCATALOG_COMPILER_GLOBAL_ACCENT_COLOR_NAME = AccentColor;
				CODE_SIGN_STYLE = Automatic;
				CURRENT_PROJECT_VERSION = 1;
				DEVELOPMENT_TEAM = ASU4PNB5MG;
				GENERATE_INFOPLIST_FILE = YES;
				INFOPLIST_FILE = SeSac_0523_TableViewCase/Info.plist;
				INFOPLIST_KEY_UIApplicationSupportsIndirectInputEvents = YES;
				INFOPLIST_KEY_UILaunchStoryboardName = LaunchScreen;
				INFOPLIST_KEY_UIMainStoryboardFile = Main;
				INFOPLIST_KEY_UISupportedInterfaceOrientations_iPad = "UIInterfaceOrientationPortrait UIInterfaceOrientationPortraitUpsideDown UIInterfaceOrientationLandscapeLeft UIInterfaceOrientationLandscapeRight";
				INFOPLIST_KEY_UISupportedInterfaceOrientations_iPhone = "UIInterfaceOrientationPortrait UIInterfaceOrientationLandscapeLeft UIInterfaceOrientationLandscapeRight";
				LD_RUNPATH_SEARCH_PATHS = (
					"$(inherited)",
					"@executable_path/Frameworks",
				);
				MARKETING_VERSION = 1.0;
				PRODUCT_BUNDLE_IDENTIFIER = "com.geonseobkim.SeSac-0523-TableViewCase";
				PRODUCT_NAME = "$(TARGET_NAME)";
				SWIFT_EMIT_LOC_STRINGS = YES;
				SWIFT_VERSION = 5.0;
				TARGETED_DEVICE_FAMILY = "1,2";
			};
			name = Release;
		};
/* End XCBuildConfiguration section */

/* Begin XCConfigurationList section */
		BE068E702BFF27410014D9C4 /* Build configuration list for PBXProject "SeSac_0523_TableViewCase" */ = {
			isa = XCConfigurationList;
			buildConfigurations = (
				BE068E872BFF27430014D9C4 /* Debug */,
				BE068E882BFF27430014D9C4 /* Release */,
			);
			defaultConfigurationIsVisible = 0;
			defaultConfigurationName = Release;
		};
		BE068E892BFF27430014D9C4 /* Build configuration list for PBXNativeTarget "SeSac_0523_TableViewCase" */ = {
			isa = XCConfigurationList;
			buildConfigurations = (
				BE068E8A2BFF27430014D9C4 /* Debug */,
				BE068E8B2BFF27430014D9C4 /* Release */,
			);
			defaultConfigurationIsVisible = 0;
			defaultConfigurationName = Release;
		};
/* End XCConfigurationList section */
	};
	rootObject = BE068E6D2BFF27410014D9C4 /* Project object */;
}
